// !$*UTF8*$!
{
	archiveVersion = 1;
	classes = {
	};
	objectVersion = 48;
	objects = {

/* Begin PBXBuildFile section */
		180407A120032BCC00AFCC09 /* LoginViewController.swift in Sources */ = {isa = PBXBuildFile; fileRef = 180407A020032BCC00AFCC09 /* LoginViewController.swift */; };
		180407A320032BE200AFCC09 /* LoginView.swift in Sources */ = {isa = PBXBuildFile; fileRef = 180407A220032BE200AFCC09 /* LoginView.swift */; };
		180407A520032BFF00AFCC09 /* LoginView.xib in Resources */ = {isa = PBXBuildFile; fileRef = 180407A420032BFF00AFCC09 /* LoginView.xib */; };
		180407A7200343EC00AFCC09 /* Login-SignUPConstants.swift in Sources */ = {isa = PBXBuildFile; fileRef = 180407A6200343EC00AFCC09 /* Login-SignUPConstants.swift */; };
		180407A920039D0C00AFCC09 /* ForgotPasswordVC.swift in Sources */ = {isa = PBXBuildFile; fileRef = 180407A820039D0C00AFCC09 /* ForgotPasswordVC.swift */; };
		186B0FFC1FFFAFB600F84330 /* AppDelegate.swift in Sources */ = {isa = PBXBuildFile; fileRef = 186B0FFB1FFFAFB600F84330 /* AppDelegate.swift */; };
		186B0FFE1FFFAFB600F84330 /* ViewController.swift in Sources */ = {isa = PBXBuildFile; fileRef = 186B0FFD1FFFAFB600F84330 /* ViewController.swift */; };
		186B10011FFFAFB600F84330 /* Main.storyboard in Resources */ = {isa = PBXBuildFile; fileRef = 186B0FFF1FFFAFB600F84330 /* Main.storyboard */; };
		186B10031FFFAFB600F84330 /* Assets.xcassets in Resources */ = {isa = PBXBuildFile; fileRef = 186B10021FFFAFB600F84330 /* Assets.xcassets */; };
		186B10061FFFAFB600F84330 /* LaunchScreen.storyboard in Resources */ = {isa = PBXBuildFile; fileRef = 186B10041FFFAFB600F84330 /* LaunchScreen.storyboard */; };
		186B10111FFFAFB600F84330 /* SignUpTests.swift in Sources */ = {isa = PBXBuildFile; fileRef = 186B10101FFFAFB600F84330 /* SignUpTests.swift */; };
		186B101C1FFFAFB600F84330 /* SignUpUITests.swift in Sources */ = {isa = PBXBuildFile; fileRef = 186B101B1FFFAFB600F84330 /* SignUpUITests.swift */; };
		18CB307A2004869E00E8EC9F /* RegistrationVC.swift in Sources */ = {isa = PBXBuildFile; fileRef = 18CB30792004869E00E8EC9F /* RegistrationVC.swift */; };
		18CB307C2004D33A00E8EC9F /* FingerPrintAccessVC.swift in Sources */ = {isa = PBXBuildFile; fileRef = 18CB307B2004D33A00E8EC9F /* FingerPrintAccessVC.swift */; };
		18CB30812004EAAB00E8EC9F /* BaseVC.swift in Sources */ = {isa = PBXBuildFile; fileRef = 18CB30802004EAAB00E8EC9F /* BaseVC.swift */; };
/* End PBXBuildFile section */

/* Begin PBXContainerItemProxy section */
		186B100D1FFFAFB600F84330 /* PBXContainerItemProxy */ = {
			isa = PBXContainerItemProxy;
			containerPortal = 186B0FF01FFFAFB600F84330 /* Project object */;
			proxyType = 1;
			remoteGlobalIDString = 186B0FF71FFFAFB600F84330;
			remoteInfo = SignUp;
		};
		186B10181FFFAFB600F84330 /* PBXContainerItemProxy */ = {
			isa = PBXContainerItemProxy;
			containerPortal = 186B0FF01FFFAFB600F84330 /* Project object */;
			proxyType = 1;
			remoteGlobalIDString = 186B0FF71FFFAFB600F84330;
			remoteInfo = SignUp;
		};
/* End PBXContainerItemProxy section */

/* Begin PBXFileReference section */
		180407A020032BCC00AFCC09 /* LoginViewController.swift */ = {isa = PBXFileReference; lastKnownFileType = sourcecode.swift; path = LoginViewController.swift; sourceTree = "<group>"; };
		180407A220032BE200AFCC09 /* LoginView.swift */ = {isa = PBXFileReference; lastKnownFileType = sourcecode.swift; path = LoginView.swift; sourceTree = "<group>"; };
		180407A420032BFF00AFCC09 /* LoginView.xib */ = {isa = PBXFileReference; lastKnownFileType = file.xib; path = LoginView.xib; sourceTree = "<group>"; };
		180407A6200343EC00AFCC09 /* Login-SignUPConstants.swift */ = {isa = PBXFileReference; lastKnownFileType = sourcecode.swift; path = "Login-SignUPConstants.swift"; sourceTree = "<group>"; };
		180407A820039D0C00AFCC09 /* ForgotPasswordVC.swift */ = {isa = PBXFileReference; lastKnownFileType = sourcecode.swift; path = ForgotPasswordVC.swift; sourceTree = "<group>"; };
		186B0FF81FFFAFB600F84330 /* SignUp.app */ = {isa = PBXFileReference; explicitFileType = wrapper.application; includeInIndex = 0; path = SignUp.app; sourceTree = BUILT_PRODUCTS_DIR; };
		186B0FFB1FFFAFB600F84330 /* AppDelegate.swift */ = {isa = PBXFileReference; lastKnownFileType = sourcecode.swift; path = AppDelegate.swift; sourceTree = "<group>"; };
		186B0FFD1FFFAFB600F84330 /* ViewController.swift */ = {isa = PBXFileReference; lastKnownFileType = sourcecode.swift; path = ViewController.swift; sourceTree = "<group>"; };
		186B10001FFFAFB600F84330 /* Base */ = {isa = PBXFileReference; lastKnownFileType = file.storyboard; name = Base; path = Base.lproj/Main.storyboard; sourceTree = "<group>"; };
		186B10021FFFAFB600F84330 /* Assets.xcassets */ = {isa = PBXFileReference; lastKnownFileType = folder.assetcatalog; path = Assets.xcassets; sourceTree = "<group>"; };
		186B10051FFFAFB600F84330 /* Base */ = {isa = PBXFileReference; lastKnownFileType = file.storyboard; name = Base; path = Base.lproj/LaunchScreen.storyboard; sourceTree = "<group>"; };
		186B10071FFFAFB600F84330 /* Info.plist */ = {isa = PBXFileReference; lastKnownFileType = text.plist.xml; path = Info.plist; sourceTree = "<group>"; };
		186B100C1FFFAFB600F84330 /* SignUpTests.xctest */ = {isa = PBXFileReference; explicitFileType = wrapper.cfbundle; includeInIndex = 0; path = SignUpTests.xctest; sourceTree = BUILT_PRODUCTS_DIR; };
		186B10101FFFAFB600F84330 /* SignUpTests.swift */ = {isa = PBXFileReference; lastKnownFileType = sourcecode.swift; path = SignUpTests.swift; sourceTree = "<group>"; };
		186B10121FFFAFB600F84330 /* Info.plist */ = {isa = PBXFileReference; lastKnownFileType = text.plist.xml; path = Info.plist; sourceTree = "<group>"; };
		186B10171FFFAFB600F84330 /* SignUpUITests.xctest */ = {isa = PBXFileReference; explicitFileType = wrapper.cfbundle; includeInIndex = 0; path = SignUpUITests.xctest; sourceTree = BUILT_PRODUCTS_DIR; };
		186B101B1FFFAFB600F84330 /* SignUpUITests.swift */ = {isa = PBXFileReference; lastKnownFileType = sourcecode.swift; path = SignUpUITests.swift; sourceTree = "<group>"; };
		186B101D1FFFAFB600F84330 /* Info.plist */ = {isa = PBXFileReference; lastKnownFileType = text.plist.xml; path = Info.plist; sourceTree = "<group>"; };
		18CB30792004869E00E8EC9F /* RegistrationVC.swift */ = {isa = PBXFileReference; lastKnownFileType = sourcecode.swift; path = RegistrationVC.swift; sourceTree = "<group>"; };
		18CB307B2004D33A00E8EC9F /* FingerPrintAccessVC.swift */ = {isa = PBXFileReference; lastKnownFileType = sourcecode.swift; path = FingerPrintAccessVC.swift; sourceTree = "<group>"; };
		18CB30802004EAAB00E8EC9F /* BaseVC.swift */ = {isa = PBXFileReference; lastKnownFileType = sourcecode.swift; path = BaseVC.swift; sourceTree = "<group>"; };
/* End PBXFileReference section */

/* Begin PBXFrameworksBuildPhase section */
		186B0FF51FFFAFB600F84330 /* Frameworks */ = {
			isa = PBXFrameworksBuildPhase;
			buildActionMask = 2147483647;
			files = (
			);
			runOnlyForDeploymentPostprocessing = 0;
		};
		186B10091FFFAFB600F84330 /* Frameworks */ = {
			isa = PBXFrameworksBuildPhase;
			buildActionMask = 2147483647;
			files = (
			);
			runOnlyForDeploymentPostprocessing = 0;
		};
		186B10141FFFAFB600F84330 /* Frameworks */ = {
			isa = PBXFrameworksBuildPhase;
			buildActionMask = 2147483647;
			files = (
			);
			runOnlyForDeploymentPostprocessing = 0;
		};
/* End PBXFrameworksBuildPhase section */

/* Begin PBXGroup section */
		186B0FEF1FFFAFB600F84330 = {
			isa = PBXGroup;
			children = (
				186B0FFA1FFFAFB600F84330 /* SignUp */,
				186B100F1FFFAFB600F84330 /* SignUpTests */,
				186B101A1FFFAFB600F84330 /* SignUpUITests */,
				186B0FF91FFFAFB600F84330 /* Products */,
			);
			sourceTree = "<group>";
		};
		186B0FF91FFFAFB600F84330 /* Products */ = {
			isa = PBXGroup;
			children = (
				186B0FF81FFFAFB600F84330 /* SignUp.app */,
				186B100C1FFFAFB600F84330 /* SignUpTests.xctest */,
				186B10171FFFAFB600F84330 /* SignUpUITests.xctest */,
			);
			name = Products;
			sourceTree = "<group>";
		};
		186B0FFA1FFFAFB600F84330 /* SignUp */ = {
			isa = PBXGroup;
			children = (
				186B0FFB1FFFAFB600F84330 /* AppDelegate.swift */,
				186B0FFD1FFFAFB600F84330 /* ViewController.swift */,
				180407A020032BCC00AFCC09 /* LoginViewController.swift */,
				18CB30802004EAAB00E8EC9F /* BaseVC.swift */,
				18CB307B2004D33A00E8EC9F /* FingerPrintAccessVC.swift */,
				180407A820039D0C00AFCC09 /* ForgotPasswordVC.swift */,
				18CB30792004869E00E8EC9F /* RegistrationVC.swift */,
				180407A220032BE200AFCC09 /* LoginView.swift */,
				180407A6200343EC00AFCC09 /* Login-SignUPConstants.swift */,
				180407A420032BFF00AFCC09 /* LoginView.xib */,
				186B0FFF1FFFAFB600F84330 /* Main.storyboard */,
				186B10021FFFAFB600F84330 /* Assets.xcassets */,
				186B10041FFFAFB600F84330 /* LaunchScreen.storyboard */,
				186B10071FFFAFB600F84330 /* Info.plist */,
			);
			path = SignUp;
			sourceTree = "<group>";
		};
		186B100F1FFFAFB600F84330 /* SignUpTests */ = {
			isa = PBXGroup;
			children = (
				186B10101FFFAFB600F84330 /* SignUpTests.swift */,
				186B10121FFFAFB600F84330 /* Info.plist */,
			);
			path = SignUpTests;
			sourceTree = "<group>";
		};
		186B101A1FFFAFB600F84330 /* SignUpUITests */ = {
			isa = PBXGroup;
			children = (
				186B101B1FFFAFB600F84330 /* SignUpUITests.swift */,
				186B101D1FFFAFB600F84330 /* Info.plist */,
			);
			path = SignUpUITests;
			sourceTree = "<group>";
		};
/* End PBXGroup section */

/* Begin PBXNativeTarget section */
		186B0FF71FFFAFB600F84330 /* SignUp */ = {
			isa = PBXNativeTarget;
			buildConfigurationList = 186B10201FFFAFB600F84330 /* Build configuration list for PBXNativeTarget "SignUp" */;
			buildPhases = (
				186B0FF41FFFAFB600F84330 /* Sources */,
				186B0FF51FFFAFB600F84330 /* Frameworks */,
				186B0FF61FFFAFB600F84330 /* Resources */,
			);
			buildRules = (
			);
			dependencies = (
			);
			name = SignUp;
			productName = SignUp;
			productReference = 186B0FF81FFFAFB600F84330 /* SignUp.app */;
			productType = "com.apple.product-type.application";
		};
		186B100B1FFFAFB600F84330 /* SignUpTests */ = {
			isa = PBXNativeTarget;
			buildConfigurationList = 186B10231FFFAFB600F84330 /* Build configuration list for PBXNativeTarget "SignUpTests" */;
			buildPhases = (
				186B10081FFFAFB600F84330 /* Sources */,
				186B10091FFFAFB600F84330 /* Frameworks */,
				186B100A1FFFAFB600F84330 /* Resources */,
			);
			buildRules = (
			);
			dependencies = (
				186B100E1FFFAFB600F84330 /* PBXTargetDependency */,
			);
			name = SignUpTests;
			productName = SignUpTests;
			productReference = 186B100C1FFFAFB600F84330 /* SignUpTests.xctest */;
			productType = "com.apple.product-type.bundle.unit-test";
		};
		186B10161FFFAFB600F84330 /* SignUpUITests */ = {
			isa = PBXNativeTarget;
			buildConfigurationList = 186B10261FFFAFB600F84330 /* Build configuration list for PBXNativeTarget "SignUpUITests" */;
			buildPhases = (
				186B10131FFFAFB600F84330 /* Sources */,
				186B10141FFFAFB600F84330 /* Frameworks */,
				186B10151FFFAFB600F84330 /* Resources */,
			);
			buildRules = (
			);
			dependencies = (
				186B10191FFFAFB600F84330 /* PBXTargetDependency */,
			);
			name = SignUpUITests;
			productName = SignUpUITests;
			productReference = 186B10171FFFAFB600F84330 /* SignUpUITests.xctest */;
			productType = "com.apple.product-type.bundle.ui-testing";
		};
/* End PBXNativeTarget section */

/* Begin PBXProject section */
		186B0FF01FFFAFB600F84330 /* Project object */ = {
			isa = PBXProject;
			attributes = {
				LastSwiftUpdateCheck = 0920;
				LastUpgradeCheck = 0920;
				ORGANIZATIONNAME = apple;
				TargetAttributes = {
					186B0FF71FFFAFB600F84330 = {
						CreatedOnToolsVersion = 9.2;
						ProvisioningStyle = Automatic;
					};
					186B100B1FFFAFB600F84330 = {
						CreatedOnToolsVersion = 9.2;
						ProvisioningStyle = Automatic;
						TestTargetID = 186B0FF71FFFAFB600F84330;
					};
					186B10161FFFAFB600F84330 = {
						CreatedOnToolsVersion = 9.2;
						ProvisioningStyle = Automatic;
						TestTargetID = 186B0FF71FFFAFB600F84330;
					};
				};
			};
			buildConfigurationList = 186B0FF31FFFAFB600F84330 /* Build configuration list for PBXProject "SignUp" */;
			compatibilityVersion = "Xcode 8.0";
			developmentRegion = en;
			hasScannedForEncodings = 0;
			knownRegions = (
				en,
				Base,
			);
			mainGroup = 186B0FEF1FFFAFB600F84330;
			productRefGroup = 186B0FF91FFFAFB600F84330 /* Products */;
			projectDirPath = "";
			projectRoot = "";
			targets = (
				186B0FF71FFFAFB600F84330 /* SignUp */,
				186B100B1FFFAFB600F84330 /* SignUpTests */,
				186B10161FFFAFB600F84330 /* SignUpUITests */,
			);
		};
/* End PBXProject section */

/* Begin PBXResourcesBuildPhase section */
		186B0FF61FFFAFB600F84330 /* Resources */ = {
			isa = PBXResourcesBuildPhase;
			buildActionMask = 2147483647;
			files = (
				186B10061FFFAFB600F84330 /* LaunchScreen.storyboard in Resources */,
				186B10031FFFAFB600F84330 /* Assets.xcassets in Resources */,
				180407A520032BFF00AFCC09 /* LoginView.xib in Resources */,
				186B10011FFFAFB600F84330 /* Main.storyboard in Resources */,
			);
			runOnlyForDeploymentPostprocessing = 0;
		};
		186B100A1FFFAFB600F84330 /* Resources */ = {
			isa = PBXResourcesBuildPhase;
			buildActionMask = 2147483647;
			files = (
			);
			runOnlyForDeploymentPostprocessing = 0;
		};
		186B10151FFFAFB600F84330 /* Resources */ = {
			isa = PBXResourcesBuildPhase;
			buildActionMask = 2147483647;
			files = (
			);
			runOnlyForDeploymentPostprocessing = 0;
		};
/* End PBXResourcesBuildPhase section */

/* Begin PBXSourcesBuildPhase section */
		186B0FF41FFFAFB600F84330 /* Sources */ = {
			isa = PBXSourcesBuildPhase;
			buildActionMask = 2147483647;
			files = (
				180407A120032BCC00AFCC09 /* LoginViewController.swift in Sources */,
				186B0FFE1FFFAFB600F84330 /* ViewController.swift in Sources */,
				180407A920039D0C00AFCC09 /* ForgotPasswordVC.swift in Sources */,
				180407A320032BE200AFCC09 /* LoginView.swift in Sources */,
				18CB30812004EAAB00E8EC9F /* BaseVC.swift in Sources */,
				180407A7200343EC00AFCC09 /* Login-SignUPConstants.swift in Sources */,
				18CB307A2004869E00E8EC9F /* RegistrationVC.swift in Sources */,
				186B0FFC1FFFAFB600F84330 /* AppDelegate.swift in Sources */,
				18CB307C2004D33A00E8EC9F /* FingerPrintAccessVC.swift in Sources */,
			);
			runOnlyForDeploymentPostprocessing = 0;
		};
		186B10081FFFAFB600F84330 /* Sources */ = {
			isa = PBXSourcesBuildPhase;
			buildActionMask = 2147483647;
			files = (
				186B10111FFFAFB600F84330 /* SignUpTests.swift in Sources */,
			);
			runOnlyForDeploymentPostprocessing = 0;
		};
		186B10131FFFAFB600F84330 /* Sources */ = {
			isa = PBXSourcesBuildPhase;
			buildActionMask = 2147483647;
			files = (
				186B101C1FFFAFB600F84330 /* SignUpUITests.swift in Sources */,
			);
			runOnlyForDeploymentPostprocessing = 0;
		};
/* End PBXSourcesBuildPhase section */

/* Begin PBXTargetDependency section */
		186B100E1FFFAFB600F84330 /* PBXTargetDependency */ = {
			isa = PBXTargetDependency;
			target = 186B0FF71FFFAFB600F84330 /* SignUp */;
			targetProxy = 186B100D1FFFAFB600F84330 /* PBXContainerItemProxy */;
		};
		186B10191FFFAFB600F84330 /* PBXTargetDependency */ = {
			isa = PBXTargetDependency;
			target = 186B0FF71FFFAFB600F84330 /* SignUp */;
			targetProxy = 186B10181FFFAFB600F84330 /* PBXContainerItemProxy */;
		};
/* End PBXTargetDependency section */

/* Begin PBXVariantGroup section */
		186B0FFF1FFFAFB600F84330 /* Main.storyboard */ = {
			isa = PBXVariantGroup;
			children = (
				186B10001FFFAFB600F84330 /* Base */,
			);
			name = Main.storyboard;
			sourceTree = "<group>";
		};
		186B10041FFFAFB600F84330 /* LaunchScreen.storyboard */ = {
			isa = PBXVariantGroup;
			children = (
				186B10051FFFAFB600F84330 /* Base */,
			);
			name = LaunchScreen.storyboard;
			sourceTree = "<group>";
		};
/* End PBXVariantGroup section */

/* Begin XCBuildConfiguration section */
		186B101E1FFFAFB600F84330 /* Debug */ = {
			isa = XCBuildConfiguration;
			buildSettings = {
				ALWAYS_SEARCH_USER_PATHS = NO;
				CLANG_ANALYZER_NONNULL = YES;
				CLANG_ANALYZER_NUMBER_OBJECT_CONVERSION = YES_AGGRESSIVE;
				CLANG_CXX_LANGUAGE_STANDARD = "gnu++14";
				CLANG_CXX_LIBRARY = "libc++";
				CLANG_ENABLE_MODULES = YES;
				CLANG_ENABLE_OBJC_ARC = YES;
				CLANG_WARN_BLOCK_CAPTURE_AUTORELEASING = YES;
				CLANG_WARN_BOOL_CONVERSION = YES;
				CLANG_WARN_COMMA = YES;
				CLANG_WARN_CONSTANT_CONVERSION = YES;
				CLANG_WARN_DIRECT_OBJC_ISA_USAGE = YES_ERROR;
				CLANG_WARN_DOCUMENTATION_COMMENTS = YES;
				CLANG_WARN_EMPTY_BODY = YES;
				CLANG_WARN_ENUM_CONVERSION = YES;
				CLANG_WARN_INFINITE_RECURSION = YES;
				CLANG_WARN_INT_CONVERSION = YES;
				CLANG_WARN_NON_LITERAL_NULL_CONVERSION = YES;
				CLANG_WARN_OBJC_LITERAL_CONVERSION = YES;
				CLANG_WARN_OBJC_ROOT_CLASS = YES_ERROR;
				CLANG_WARN_RANGE_LOOP_ANALYSIS = YES;
				CLANG_WARN_STRICT_PROTOTYPES = YES;
				CLANG_WARN_SUSPICIOUS_MOVE = YES;
				CLANG_WARN_UNGUARDED_AVAILABILITY = YES_AGGRESSIVE;
				CLANG_WARN_UNREACHABLE_CODE = YES;
				CLANG_WARN__DUPLICATE_METHOD_MATCH = YES;
				CODE_SIGN_IDENTITY = "iPhone Developer";
				COPY_PHASE_STRIP = NO;
				DEBUG_INFORMATION_FORMAT = dwarf;
				ENABLE_STRICT_OBJC_MSGSEND = YES;
				ENABLE_TESTABILITY = YES;
				GCC_C_LANGUAGE_STANDARD = gnu11;
				GCC_DYNAMIC_NO_PIC = NO;
				GCC_NO_COMMON_BLOCKS = YES;
				GCC_OPTIMIZATION_LEVEL = 0;
				GCC_PREPROCESSOR_DEFINITIONS = (
					"DEBUG=1",
					"$(inherited)",
				);
				GCC_WARN_64_TO_32_BIT_CONVERSION = YES;
				GCC_WARN_ABOUT_RETURN_TYPE = YES_ERROR;
				GCC_WARN_UNDECLARED_SELECTOR = YES;
				GCC_WARN_UNINITIALIZED_AUTOS = YES_AGGRESSIVE;
				GCC_WARN_UNUSED_FUNCTION = YES;
				GCC_WARN_UNUSED_VARIABLE = YES;
				IPHONEOS_DEPLOYMENT_TARGET = 11.2;
				MTL_ENABLE_DEBUG_INFO = YES;
				ONLY_ACTIVE_ARCH = YES;
				SDKROOT = iphoneos;
				SWIFT_ACTIVE_COMPILATION_CONDITIONS = DEBUG;
				SWIFT_OPTIMIZATION_LEVEL = "-Onone";
			};
			name = Debug;
		};
		186B101F1FFFAFB600F84330 /* Release */ = {
			isa = XCBuildConfiguration;
			buildSettings = {
				ALWAYS_SEARCH_USER_PATHS = NO;
				CLANG_ANALYZER_NONNULL = YES;
				CLANG_ANALYZER_NUMBER_OBJECT_CONVERSION = YES_AGGRESSIVE;
				CLANG_CXX_LANGUAGE_STANDARD = "gnu++14";
				CLANG_CXX_LIBRARY = "libc++";
				CLANG_ENABLE_MODULES = YES;
				CLANG_ENABLE_OBJC_ARC = YES;
				CLANG_WARN_BLOCK_CAPTURE_AUTORELEASING = YES;
				CLANG_WARN_BOOL_CONVERSION = YES;
				CLANG_WARN_COMMA = YES;
				CLANG_WARN_CONSTANT_CONVERSION = YES;
				CLANG_WARN_DIRECT_OBJC_ISA_USAGE = YES_ERROR;
				CLANG_WARN_DOCUMENTATION_COMMENTS = YES;
				CLANG_WARN_EMPTY_BODY = YES;
				CLANG_WARN_ENUM_CONVERSION = YES;
				CLANG_WARN_INFINITE_RECURSION = YES;
				CLANG_WARN_INT_CONVERSION = YES;
				CLANG_WARN_NON_LITERAL_NULL_CONVERSION = YES;
				CLANG_WARN_OBJC_LITERAL_CONVERSION = YES;
				CLANG_WARN_OBJC_ROOT_CLASS = YES_ERROR;
				CLANG_WARN_RANGE_LOOP_ANALYSIS = YES;
				CLANG_WARN_STRICT_PROTOTYPES = YES;
				CLANG_WARN_SUSPICIOUS_MOVE = YES;
				CLANG_WARN_UNGUARDED_AVAILABILITY = YES_AGGRESSIVE;
				CLANG_WARN_UNREACHABLE_CODE = YES;
				CLANG_WARN__DUPLICATE_METHOD_MATCH = YES;
				CODE_SIGN_IDENTITY = "iPhone Developer";
				COPY_PHASE_STRIP = NO;
				DEBUG_INFORMATION_FORMAT = "dwarf-with-dsym";
				ENABLE_NS_ASSERTIONS = NO;
				ENABLE_STRICT_OBJC_MSGSEND = YES;
				GCC_C_LANGUAGE_STANDARD = gnu11;
				GCC_NO_COMMON_BLOCKS = YES;
				GCC_WARN_64_TO_32_BIT_CONVERSION = YES;
				GCC_WARN_ABOUT_RETURN_TYPE = YES_ERROR;
				GCC_WARN_UNDECLARED_SELECTOR = YES;
				GCC_WARN_UNINITIALIZED_AUTOS = YES_AGGRESSIVE;
				GCC_WARN_UNUSED_FUNCTION = YES;
				GCC_WARN_UNUSED_VARIABLE = YES;
				IPHONEOS_DEPLOYMENT_TARGET = 11.2;
				MTL_ENABLE_DEBUG_INFO = NO;
				SDKROOT = iphoneos;
				SWIFT_OPTIMIZATION_LEVEL = "-Owholemodule";
				VALIDATE_PRODUCT = YES;
			};
			name = Release;
		};
		186B10211FFFAFB600F84330 /* Debug */ = {
			isa = XCBuildConfiguration;
			buildSettings = {
				ASSETCATALOG_COMPILER_APPICON_NAME = AppIcon;
				CODE_SIGN_STYLE = Automatic;
				DEVELOPMENT_TEAM = 7KT628TBJQ;
				INFOPLIST_FILE = SignUp/Info.plist;
				LD_RUNPATH_SEARCH_PATHS = "$(inherited) @executable_path/Frameworks";
				PRODUCT_BUNDLE_IDENTIFIER = "com.TekysLab.Login-SignUp";
				PRODUCT_NAME = "$(TARGET_NAME)";
				SWIFT_VERSION = 4.0;
				TARGETED_DEVICE_FAMILY = "1,2";
			};
			name = Debug;
		};
		186B10221FFFAFB600F84330 /* Release */ = {
			isa = XCBuildConfiguration;
			buildSettings = {
				ASSETCATALOG_COMPILER_APPICON_NAME = AppIcon;
				CODE_SIGN_STYLE = Automatic;
				DEVELOPMENT_TEAM = 7KT628TBJQ;
				INFOPLIST_FILE = SignUp/Info.plist;
				LD_RUNPATH_SEARCH_PATHS = "$(inherited) @executable_path/Frameworks";
				PRODUCT_BUNDLE_IDENTIFIER = "com.TekysLab.Login-SignUp";
				PRODUCT_NAME = "$(TARGET_NAME)";
				SWIFT_VERSION = 4.0;
				TARGETED_DEVICE_FAMILY = "1,2";
			};
			name = Release;
		};
		186B10241FFFAFB600F84330 /* Debug */ = {
			isa = XCBuildConfiguration;
			buildSettings = {
				ALWAYS_EMBED_SWIFT_STANDARD_LIBRARIES = YES;
				BUNDLE_LOADER = "$(TEST_HOST)";
				CODE_SIGN_STYLE = Automatic;
				INFOPLIST_FILE = SignUpTests/Info.plist;
				LD_RUNPATH_SEARCH_PATHS = "$(inherited) @executable_path/Frameworks @loader_path/Frameworks";
				PRODUCT_BUNDLE_IDENTIFIER = "com.TekysLab.Login-SignUp.SignUpTests";
				PRODUCT_NAME = "$(TARGET_NAME)";
				SWIFT_VERSION = 4.0;
				TARGETED_DEVICE_FAMILY = "1,2";
				TEST_HOST = "$(BUILT_PRODUCTS_DIR)/SignUp.app/SignUp";
			};
			name = Debug;
		};
		186B10251FFFAFB600F84330 /* Release */ = {
			isa = XCBuildConfiguration;
			buildSettings = {
				ALWAYS_EMBED_SWIFT_STANDARD_LIBRARIES = YES;
				BUNDLE_LOADER = "$(TEST_HOST)";
				CODE_SIGN_STYLE = Automatic;
				INFOPLIST_FILE = SignUpTests/Info.plist;
				LD_RUNPATH_SEARCH_PATHS = "$(inherited) @executable_path/Frameworks @loader_path/Frameworks";
				PRODUCT_BUNDLE_IDENTIFIER = "com.TekysLab.Login-SignUp.SignUpTests";
				PRODUCT_NAME = "$(TARGET_NAME)";
				SWIFT_VERSION = 4.0;
				TARGETED_DEVICE_FAMILY = "1,2";
				TEST_HOST = "$(BUILT_PRODUCTS_DIR)/SignUp.app/SignUp";
			};
			name = Release;
		};
		186B10271FFFAFB600F84330 /* Debug */ = {
			isa = XCBuildConfiguration;
			buildSettings = {
				ALWAYS_EMBED_SWIFT_STANDARD_LIBRARIES = YES;
				CODE_SIGN_STYLE = Automatic;
				INFOPLIST_FILE = SignUpUITests/Info.plist;
				LD_RUNPATH_SEARCH_PATHS = "$(inherited) @executable_path/Frameworks @loader_path/Frameworks";
				PRODUCT_BUNDLE_IDENTIFIER = "com.TekysLab.Login-SignUp.SignUpUITests";
				PRODUCT_NAME = "$(TARGET_NAME)";
				SWIFT_VERSION = 4.0;
				TARGETED_DEVICE_FAMILY = "1,2";
				TEST_TARGET_NAME = SignUp;
			};
			name = Debug;
		};
		186B10281FFFAFB600F84330 /* Release */ = {
			isa = XCBuildConfiguration;
			buildSettings = {
				ALWAYS_EMBED_SWIFT_STANDARD_LIBRARIES = YES;
				CODE_SIGN_STYLE = Automatic;
				INFOPLIST_FILE = SignUpUITests/Info.plist;
				LD_RUNPATH_SEARCH_PATHS = "$(inherited) @executable_path/Frameworks @loader_path/Frameworks";
				PRODUCT_BUNDLE_IDENTIFIER = "com.TekysLab.Login-SignUp.SignUpUITests";
				PRODUCT_NAME = "$(TARGET_NAME)";
				SWIFT_VERSION = 4.0;
				TARGETED_DEVICE_FAMILY = "1,2";
				TEST_TARGET_NAME = SignUp;
			};
			name = Release;
		};
/* End XCBuildConfiguration section */

/* Begin XCConfigurationList section */
		186B0FF31FFFAFB600F84330 /* Build configuration list for PBXProject "SignUp" */ = {
			isa = XCConfigurationList;
			buildConfigurations = (
				186B101E1FFFAFB600F84330 /* Debug */,
				186B101F1FFFAFB600F84330 /* Release */,
			);
			defaultConfigurationIsVisible = 0;
			defaultConfigurationName = Release;
		};
		186B10201FFFAFB600F84330 /* Build configuration list for PBXNativeTarget "SignUp" */ = {
			isa = XCConfigurationList;
			buildConfigurations = (
				186B10211FFFAFB600F84330 /* Debug */,
				186B10221FFFAFB600F84330 /* Release */,
			);
			defaultConfigurationIsVisible = 0;
			defaultConfigurationName = Release;
		};
		186B10231FFFAFB600F84330 /* Build configuration list for PBXNativeTarget "SignUpTests" */ = {
			isa = XCConfigurationList;
			buildConfigurations = (
				186B10241FFFAFB600F84330 /* Debug */,
				186B10251FFFAFB600F84330 /* Release */,
			);
			defaultConfigurationIsVisible = 0;
			defaultConfigurationName = Release;
		};
		186B10261FFFAFB600F84330 /* Build configuration list for PBXNativeTarget "SignUpUITests" */ = {
			isa = XCConfigurationList;
			buildConfigurations = (
				186B10271FFFAFB600F84330 /* Debug */,
				186B10281FFFAFB600F84330 /* Release */,
			);
			defaultConfigurationIsVisible = 0;
			defaultConfigurationName = Release;
		};
/* End XCConfigurationList section */
	};
	rootObject = 186B0FF01FFFAFB600F84330 /* Project object */;
}
